
Microsoft Visual Studio Solution File, Format Version 12.00
# Visual Studio 15
VisualStudioVersion = 15.0.27428.2015
MinimumVisualStudioVersion = 10.0.40219.1
Project("{FAE04EC0-301F-11D3-BF4B-00C04F79EFBC}") = "Typer", "Typer\Typer.csproj", "{B357619E-4319-477E-BAEE-31F763678C9A}"
EndProject
Project("{FAE04EC0-301F-11D3-BF4B-00C04F79EFBC}") = "Typer.Tests", "Typer.Tests\Typer.Tests.csproj", "{27272B53-53EA-4E21-89B1-983724C9F0C7}"
EndProject
Global
	GlobalSection(SolutionConfigurationPlatforms) = preSolution
		Debug|Any CPU = Debug|Any CPU
		Release|Any CPU = Release|Any CPU
	EndGlobalSection
	GlobalSection(ProjectConfigurationPlatforms) = postSolution
		{B357619E-4319-477E-BAEE-31F763678C9A}.Debug|Any CPU.ActiveCfg = Debug|Any CPU
		{B357619E-4319-477E-BAEE-31F763678C9A}.Debug|Any CPU.Build.0 = Debug|Any CPU
		{B357619E-4319-477E-BAEE-31F763678C9A}.Release|Any CPU.ActiveCfg = Release|Any CPU
		{B357619E-4319-477E-BAEE-31F763678C9A}.Release|Any CPU.Build.0 = Release|Any CPU
		{27272B53-53EA-4E21-89B1-983724C9F0C7}.Debug|Any CPU.ActiveCfg = Debug|Any CPU
		{27272B53-53EA-4E21-89B1-983724C9F0C7}.Debug|Any CPU.Build.0 = Debug|Any CPU
		{27272B53-53EA-4E21-89B1-983724C9F0C7}.Release|Any CPU.ActiveCfg = Release|Any CPU
		{27272B53-53EA-4E21-89B1-983724C9F0C7}.Release|Any CPU.Build.0 = Release|Any CPU
	EndGlobalSection
	GlobalSection(SolutionProperties) = preSolution
		HideSolutionNode = FALSE
	EndGlobalSection
	GlobalSection(ExtensibilityGlobals) = postSolution
		SolutionGuid = {3724661C-162B-4F8C-BA8D-B89138D42066}
	EndGlobalSection
EndGlobal
